
Microsoft Visual Studio Solution File, Format Version 12.00
# Visual Studio 15
VisualStudioVersion = 15.0.28307.271
MinimumVisualStudioVersion = 10.0.40219.1
Project("{FAE04EC0-301F-11D3-BF4B-00C04F79EFBC}") = "Login", "Login\Login.csproj", "{C1E1DCD0-7013-4F33-945F-56C94F340438}"
EndProject
Project("{FAE04EC0-301F-11D3-BF4B-00C04F79EFBC}") = "Login.Data", "Login.Data\Login.Data.csproj", "{92A70A8C-B618-41A0-B43C-5F8E586F0D79}"
EndProject
Project("{FAE04EC0-301F-11D3-BF4B-00C04F79EFBC}") = "Login.Model", "Login.Model\Login.Model.csproj", "{F81DEA8E-840C-4270-B775-EAEF21D218B3}"
EndProject
Project("{FAE04EC0-301F-11D3-BF4B-00C04F79EFBC}") = "Login.Business", "Login.Buissness\Login.Business.csproj", "{AE77A45A-3202-4B3C-817E-C367F2BFD3FE}"
EndProject
Global
	GlobalSection(SolutionConfigurationPlatforms) = preSolution
		Debug|Any CPU = Debug|Any CPU
		Release|Any CPU = Release|Any CPU
	EndGlobalSection
	GlobalSection(ProjectConfigurationPlatforms) = postSolution
		{C1E1DCD0-7013-4F33-945F-56C94F340438}.Debug|Any CPU.ActiveCfg = Debug|Any CPU
		{C1E1DCD0-7013-4F33-945F-56C94F340438}.Debug|Any CPU.Build.0 = Debug|Any CPU
		{C1E1DCD0-7013-4F33-945F-56C94F340438}.Release|Any CPU.ActiveCfg = Release|Any CPU
		{C1E1DCD0-7013-4F33-945F-56C94F340438}.Release|Any CPU.Build.0 = Release|Any CPU
		{92A70A8C-B618-41A0-B43C-5F8E586F0D79}.Debug|Any CPU.ActiveCfg = Debug|Any CPU
		{92A70A8C-B618-41A0-B43C-5F8E586F0D79}.Debug|Any CPU.Build.0 = Debug|Any CPU
		{92A70A8C-B618-41A0-B43C-5F8E586F0D79}.Release|Any CPU.ActiveCfg = Release|Any CPU
		{92A70A8C-B618-41A0-B43C-5F8E586F0D79}.Release|Any CPU.Build.0 = Release|Any CPU
		{F81DEA8E-840C-4270-B775-EAEF21D218B3}.Debug|Any CPU.ActiveCfg = Debug|Any CPU
		{F81DEA8E-840C-4270-B775-EAEF21D218B3}.Debug|Any CPU.Build.0 = Debug|Any CPU
		{F81DEA8E-840C-4270-B775-EAEF21D218B3}.Release|Any CPU.ActiveCfg = Release|Any CPU
		{F81DEA8E-840C-4270-B775-EAEF21D218B3}.Release|Any CPU.Build.0 = Release|Any CPU
		{AE77A45A-3202-4B3C-817E-C367F2BFD3FE}.Debug|Any CPU.ActiveCfg = Debug|Any CPU
		{AE77A45A-3202-4B3C-817E-C367F2BFD3FE}.Debug|Any CPU.Build.0 = Debug|Any CPU
		{AE77A45A-3202-4B3C-817E-C367F2BFD3FE}.Release|Any CPU.ActiveCfg = Release|Any CPU
		{AE77A45A-3202-4B3C-817E-C367F2BFD3FE}.Release|Any CPU.Build.0 = Release|Any CPU
	EndGlobalSection
	GlobalSection(SolutionProperties) = preSolution
		HideSolutionNode = FALSE
	EndGlobalSection
	GlobalSection(ExtensibilityGlobals) = postSolution
		SolutionGuid = {2356A294-9504-430D-916C-CA44D19050A0}
	EndGlobalSection
EndGlobal
